# THIS IS AN AUTOGENERATED FILE. DO NOT EDIT THIS FILE DIRECTLY.
# yarn lockfile v1


agent-base@^4.1.0:
  version "4.2.1"
  resolved "https://registry.yarnpkg.com/agent-base/-/agent-base-4.2.1.tgz#d89e5999f797875674c07d87f260fc41e83e8ca9"
  dependencies:
    es6-promisify "^5.0.0"

axios@^0.18.0:
  version "0.18.0"
  resolved "http://registry.npmjs.org/axios/-/axios-0.18.0.tgz#32d53e4851efdc0a11993b6cd000789d70c05102"
  dependencies:
    follow-redirects "^1.3.0"
    is-buffer "^1.1.5"

base32.js@^0.1.0:
  version "0.1.0"
  resolved "https://registry.yarnpkg.com/base32.js/-/base32.js-0.1.0.tgz#b582dec693c2f11e893cf064ee6ac5b6131a2202"

buffer-equal-constant-time@1.0.1:
  version "1.0.1"
  resolved "https://registry.yarnpkg.com/buffer-equal-constant-time/-/buffer-equal-constant-time-1.0.1.tgz#f8e71132f7ffe6e01a5c9697a4c6f3e48d5cc819"

debug@=3.1.0:
  version "3.1.0"
  resolved "https://registry.yarnpkg.com/debug/-/debug-3.1.0.tgz#5bb5a0672628b64149566ba16819e61518c67261"
  dependencies:
    ms "2.0.0"

debug@^3.1.0:
  version "3.2.5"
  resolved "https://registry.yarnpkg.com/debug/-/debug-3.2.5.tgz#c2418fbfd7a29f4d4f70ff4cea604d4b64c46407"
  dependencies:
    ms "^2.1.1"

debug@^4.0.1:
  version "4.0.1"
  resolved "https://registry.yarnpkg.com/debug/-/debug-4.0.1.tgz#f9bb36d439b8d1f0dd52d8fb6b46e4ebb8c1cd5b"
  dependencies:
    ms "^2.1.1"

ecdsa-sig-formatter@1.0.10:
  version "1.0.10"
  resolved "https://registry.yarnpkg.com/ecdsa-sig-formatter/-/ecdsa-sig-formatter-1.0.10.tgz#1c595000f04a8897dfb85000892a0f4c33af86c3"
  dependencies:
    safe-buffer "^5.0.1"

es6-promise@^4.0.3:
  version "4.2.5"
  resolved "https://registry.yarnpkg.com/es6-promise/-/es6-promise-4.2.5.tgz#da6d0d5692efb461e082c14817fe2427d8f5d054"

es6-promisify@^5.0.0:
  version "5.0.0"
  resolved "https://registry.yarnpkg.com/es6-promisify/-/es6-promisify-5.0.0.tgz#5109d62f3e56ea967c4b63505aef08291c8a5203"
  dependencies:
    es6-promise "^4.0.3"

extend@^3.0.1:
  version "3.0.2"
  resolved "https://registry.yarnpkg.com/extend/-/extend-3.0.2.tgz#f8b1136b4071fbd8eb140aff858b1019ec2915fa"

follow-redirects@^1.3.0:
  version "1.5.8"
  resolved "https://registry.yarnpkg.com/follow-redirects/-/follow-redirects-1.5.8.tgz#1dbfe13e45ad969f813e86c00e5296f525c885a1"
  dependencies:
    debug "=3.1.0"

gcp-metadata@^0.7.0:
  version "0.7.0"
  resolved "https://registry.yarnpkg.com/gcp-metadata/-/gcp-metadata-0.7.0.tgz#6c35dbb52bda32a427bb9c98f54237ddd1b5406f"
  dependencies:
    axios "^0.18.0"
    extend "^3.0.1"
    retry-axios "0.3.2"

google-auth-library@^2.0.0:
  version "2.0.0"
  resolved "https://registry.yarnpkg.com/google-auth-library/-/google-auth-library-2.0.0.tgz#55d20e03a9820a1c28ee14cd1b6864b7be38b5e4"
  dependencies:
    axios "^0.18.0"
    gcp-metadata "^0.7.0"
    gtoken "^2.3.0"
    https-proxy-agent "^2.2.1"
    jws "^3.1.5"
    lodash.isstring "^4.0.1"
    lru-cache "^4.1.3"
    semver "^5.5.0"

google-p12-pem@^1.0.0:
  version "1.0.2"
  resolved "https://registry.yarnpkg.com/google-p12-pem/-/google-p12-pem-1.0.2.tgz#c8a3843504012283a0dbffc7430b7c753ecd4b07"
  dependencies:
    node-forge "^0.7.4"
    pify "^3.0.0"

googleapis-common@^0.3.0:
  version "0.3.0"
  resolved "https://registry.yarnpkg.com/googleapis-common/-/googleapis-common-0.3.0.tgz#97ba111f7420367e636a30a2b87be4a7f220c7e9"
  dependencies:
    axios "^0.18.0"
    google-auth-library "^2.0.0"
    pify "^3.0.0"
    qs "^6.5.2"
    url-template "^2.0.8"
    uuid "^3.2.1"

googleapis@^34.0.0:
  version "34.0.0"
  resolved "https://registry.yarnpkg.com/googleapis/-/googleapis-34.0.0.tgz#15323c2334edeff3bae500faeec7e15ea6fb0047"
  dependencies:
    google-auth-library "^2.0.0"
    googleapis-common "^0.3.0"

gtoken@^2.3.0:
  version "2.3.0"
  resolved "https://registry.yarnpkg.com/gtoken/-/gtoken-2.3.0.tgz#4e0ffc16432d7041a1b3dbc1d97aac17a5dc964a"
  dependencies:
    axios "^0.18.0"
    google-p12-pem "^1.0.0"
    jws "^3.1.4"
    mime "^2.2.0"
    pify "^3.0.0"

https-proxy-agent@^2.2.1:
  version "2.2.1"
  resolved "https://registry.yarnpkg.com/https-proxy-agent/-/https-proxy-agent-2.2.1.tgz#51552970fa04d723e04c56d04178c3f92592bbc0"
  dependencies:
    agent-base "^4.1.0"
    debug "^3.1.0"

is-buffer@^1.1.5:
  version "1.1.6"
  resolved "https://registry.yarnpkg.com/is-buffer/-/is-buffer-1.1.6.tgz#efaa2ea9daa0d7ab2ea13a97b2b8ad51fefbe8be"

jwa@^1.1.5:
  version "1.1.6"
  resolved "https://registry.yarnpkg.com/jwa/-/jwa-1.1.6.tgz#87240e76c9808dbde18783cf2264ef4929ee50e6"
  dependencies:
    buffer-equal-constant-time "1.0.1"
    ecdsa-sig-formatter "1.0.10"
    safe-buffer "^5.0.1"

jws@^3.1.4, jws@^3.1.5:
  version "3.1.5"
  resolved "https://registry.yarnpkg.com/jws/-/jws-3.1.5.tgz#80d12d05b293d1e841e7cb8b4e69e561adcf834f"
  dependencies:
    jwa "^1.1.5"
    safe-buffer "^5.0.1"

lodash.isstring@^4.0.1:
  version "4.0.1"
  resolved "https://registry.yarnpkg.com/lodash.isstring/-/lodash.isstring-4.0.1.tgz#d527dfb5456eca7cc9bb95d5daeaf88ba54a5451"

lru-cache@^4.1.3:
  version "4.1.3"
  resolved "https://registry.yarnpkg.com/lru-cache/-/lru-cache-4.1.3.tgz#a1175cf3496dfc8436c156c334b4955992bce69c"
  dependencies:
    pseudomap "^1.0.2"
    yallist "^2.1.2"

mime@^2.2.0:
  version "2.3.1"
  resolved "https://registry.yarnpkg.com/mime/-/mime-2.3.1.tgz#b1621c54d63b97c47d3cfe7f7215f7d64517c369"

ms@2.0.0:
  version "2.0.0"
  resolved "https://registry.yarnpkg.com/ms/-/ms-2.0.0.tgz#5608aeadfc00be6c2901df5f9861788de0d597c8"

ms@^2.1.1:
  version "2.1.1"
  resolved "https://registry.yarnpkg.com/ms/-/ms-2.1.1.tgz#30a5864eb3ebb0a66f2ebe6d727af06a09d86e0a"

node-forge@^0.7.4:
  version "0.7.6"
  resolved "https://registry.yarnpkg.com/node-forge/-/node-forge-0.7.6.tgz#fdf3b418aee1f94f0ef642cd63486c77ca9724ac"

pify@^3.0.0:
  version "3.0.0"
  resolved "https://registry.yarnpkg.com/pify/-/pify-3.0.0.tgz#e5a4acd2c101fdf3d9a4d07f0dbc4db49dd28176"

pseudomap@^1.0.2:
  version "1.0.2"
  resolved "https://registry.yarnpkg.com/pseudomap/-/pseudomap-1.0.2.tgz#f052a28da70e618917ef0a8ac34c1ae5a68286b3"

qs@^6.5.2:
  version "6.5.2"
  resolved "https://registry.yarnpkg.com/qs/-/qs-6.5.2.tgz#cb3ae806e8740444584ef154ce8ee98d403f3e36"

retry-axios@0.3.2:
  version "0.3.2"
  resolved "https://registry.yarnpkg.com/retry-axios/-/retry-axios-0.3.2.tgz#5757c80f585b4cc4c4986aa2ffd47a60c6d35e13"

safe-buffer@^5.0.1:
  version "5.1.2"
  resolved "https://registry.yarnpkg.com/safe-buffer/-/safe-buffer-5.1.2.tgz#991ec69d296e0313747d59bdfd2b745c35f8828d"

semver@^5.5.0:
  version "5.5.1"
  resolved "https://registry.yarnpkg.com/semver/-/semver-5.5.1.tgz#7dfdd8814bdb7cabc7be0fb1d734cfb66c940477"

url-template@^2.0.8:
  version "2.0.8"
  resolved "https://registry.yarnpkg.com/url-template/-/url-template-2.0.8.tgz#fc565a3cccbff7730c775f5641f9555791439f21"

uuid@^3.2.1, uuid@^3.3.2:
  version "3.3.2"
  resolved "https://registry.yarnpkg.com/uuid/-/uuid-3.3.2.tgz#1b4af4955eb3077c501c23872fc6513811587131"

yallist@^2.1.2:
  version "2.1.2"
  resolved "https://registry.yarnpkg.com/yallist/-/yallist-2.1.2.tgz#1c11f9218f076089a47dd512f93c6699a6a81d52"
