# THIS IS AN AUTOGENERATED FILE. DO NOT EDIT THIS FILE DIRECTLY.
# yarn lockfile v1


crypto@^1.0.1:
  version "1.0.1"
  resolved "https://registry.yarnpkg.com/crypto/-/crypto-1.0.1.tgz#2af1b7cad8175d24c8a1b0778255794a21803037"

dotenv@^6.0.0:
  version "6.0.0"
  resolved "https://registry.yarnpkg.com/dotenv/-/dotenv-6.0.0.tgz#24e37c041741c5f4b25324958ebbc34bca965935"

lodash@^4.17.11:
  version "4.17.11"
  resolved "https://registry.yarnpkg.com/lodash/-/lodash-4.17.11.tgz#b39ea6229ef607ecd89e2c8df12536891cac9b8d"

node-fetch@^2.2.0:
  version "2.2.0"
  resolved "https://registry.yarnpkg.com/node-fetch/-/node-fetch-2.2.0.tgz#4ee79bde909262f9775f731e3656d0db55ced5b5"

normalizr@^3.2.4:
  version "3.2.4"
  resolved "https://registry.yarnpkg.com/normalizr/-/normalizr-3.2.4.tgz#16aafc540ca99dc1060ceaa1933556322eac4429"

randomcolor@^0.5.3:
  version "0.5.3"
  resolved "https://registry.yarnpkg.com/randomcolor/-/randomcolor-0.5.3.tgz#7f90f2f2a7f6d5a52232161eeaeeaea9ac3b5815"
